
Microsoft Visual Studio Solution File, Format Version 12.00
# Visual Studio Version 17
VisualStudioVersion = 17.8.34511.84
MinimumVisualStudioVersion = 10.0.40219.1
Project("{9A19103F-16F7-4668-BE54-9A1E7A4F7556}") = "UI", "RazorCrudUI\UI.csproj", "{945C1D5C-F394-4AEB-BC65-71864E0EF9B1}"
EndProject
Project("{9A19103F-16F7-4668-BE54-9A1E7A4F7556}") = "Domain", "Domain\Domain.csproj", "{E895047F-9068-410B-834B-FF9CF0B7319F}"
EndProject
Project("{9A19103F-16F7-4668-BE54-9A1E7A4F7556}") = "Data", "Data\Data.csproj", "{D5FE4BC9-10C9-4C40-94E9-D4D96AF7A9E2}"
EndProject
Project("{9A19103F-16F7-4668-BE54-9A1E7A4F7556}") = "DataMem", "DataMem\DataMem.csproj", "{9AE21E48-ABEA-4674-A25A-F69B426184B8}"
EndProject
Global
	GlobalSection(SolutionConfigurationPlatforms) = preSolution
		Debug|Any CPU = Debug|Any CPU
		Release|Any CPU = Release|Any CPU
	EndGlobalSection
	GlobalSection(ProjectConfigurationPlatforms) = postSolution
		{945C1D5C-F394-4AEB-BC65-71864E0EF9B1}.Debug|Any CPU.ActiveCfg = Debug|Any CPU
		{945C1D5C-F394-4AEB-BC65-71864E0EF9B1}.Debug|Any CPU.Build.0 = Debug|Any CPU
		{945C1D5C-F394-4AEB-BC65-71864E0EF9B1}.Release|Any CPU.ActiveCfg = Release|Any CPU
		{945C1D5C-F394-4AEB-BC65-71864E0EF9B1}.Release|Any CPU.Build.0 = Release|Any CPU
		{E895047F-9068-410B-834B-FF9CF0B7319F}.Debug|Any CPU.ActiveCfg = Debug|Any CPU
		{E895047F-9068-410B-834B-FF9CF0B7319F}.Debug|Any CPU.Build.0 = Debug|Any CPU
		{E895047F-9068-410B-834B-FF9CF0B7319F}.Release|Any CPU.ActiveCfg = Release|Any CPU
		{E895047F-9068-410B-834B-FF9CF0B7319F}.Release|Any CPU.Build.0 = Release|Any CPU
		{D5FE4BC9-10C9-4C40-94E9-D4D96AF7A9E2}.Debug|Any CPU.ActiveCfg = Debug|Any CPU
		{D5FE4BC9-10C9-4C40-94E9-D4D96AF7A9E2}.Debug|Any CPU.Build.0 = Debug|Any CPU
		{D5FE4BC9-10C9-4C40-94E9-D4D96AF7A9E2}.Release|Any CPU.ActiveCfg = Release|Any CPU
		{D5FE4BC9-10C9-4C40-94E9-D4D96AF7A9E2}.Release|Any CPU.Build.0 = Release|Any CPU
		{9AE21E48-ABEA-4674-A25A-F69B426184B8}.Debug|Any CPU.ActiveCfg = Debug|Any CPU
		{9AE21E48-ABEA-4674-A25A-F69B426184B8}.Debug|Any CPU.Build.0 = Debug|Any CPU
		{9AE21E48-ABEA-4674-A25A-F69B426184B8}.Release|Any CPU.ActiveCfg = Release|Any CPU
		{9AE21E48-ABEA-4674-A25A-F69B426184B8}.Release|Any CPU.Build.0 = Release|Any CPU
	EndGlobalSection
	GlobalSection(SolutionProperties) = preSolution
		HideSolutionNode = FALSE
	EndGlobalSection
	GlobalSection(ExtensibilityGlobals) = postSolution
		SolutionGuid = {87A3471F-AF00-4338-8FCF-121453A699AD}
	EndGlobalSection
EndGlobal
